// !$*UTF8*$!
{
	archiveVersion = 1;
	classes = {
	};
	objectVersion = 46;
	objects = {

/* Begin PBXBuildFile section */
		BC6ED5EA1EDED92100A79FE9 /* EnemyCollision.sks in Resources */ = {isa = PBXBuildFile; fileRef = BC6ED5E91EDED92100A79FE9 /* EnemyCollision.sks */; };
		BC8D84971EE1665D00C34A5F /* StatsScene.swift in Sources */ = {isa = PBXBuildFile; fileRef = BC8D84961EE1665D00C34A5F /* StatsScene.swift */; };
		BCB8FC141ED5D73C00098EC2 /* Bee.swift in Sources */ = {isa = PBXBuildFile; fileRef = BCB8FC131ED5D73C00098EC2 /* Bee.swift */; };
		BCB8FC161ED5D7CA00098EC2 /* Ground.swift in Sources */ = {isa = PBXBuildFile; fileRef = BCB8FC151ED5D7CA00098EC2 /* Ground.swift */; };
		BCB8FC181ED5D89B00098EC2 /* Player.swift in Sources */ = {isa = PBXBuildFile; fileRef = BCB8FC171ED5D89B00098EC2 /* Player.swift */; };
		BCB8FC1A1ED76EE100098EC2 /* Star.swift in Sources */ = {isa = PBXBuildFile; fileRef = BCB8FC191ED76EE100098EC2 /* Star.swift */; };
		BCB8FC1C1ED76F1F00098EC2 /* MadFly.swift in Sources */ = {isa = PBXBuildFile; fileRef = BCB8FC1B1ED76F1F00098EC2 /* MadFly.swift */; };
		BCB8FC1E1ED76F3A00098EC2 /* Bat.swift in Sources */ = {isa = PBXBuildFile; fileRef = BCB8FC1D1ED76F3A00098EC2 /* Bat.swift */; };
		BCB8FC201ED76F6300098EC2 /* Blade.swift in Sources */ = {isa = PBXBuildFile; fileRef = BCB8FC1F1ED76F6300098EC2 /* Blade.swift */; };
		BCB8FC221ED76F9100098EC2 /* Coin.swift in Sources */ = {isa = PBXBuildFile; fileRef = BCB8FC211ED76F9100098EC2 /* Coin.swift */; };
		BCB8FC271ED771EC00098EC2 /* EncounterA.sks in Resources */ = {isa = PBXBuildFile; fileRef = BCB8FC261ED771EC00098EC2 /* EncounterA.sks */; };
		BCB8FC291ED7734400098EC2 /* EncounterManager.swift in Sources */ = {isa = PBXBuildFile; fileRef = BCB8FC281ED7734400098EC2 /* EncounterManager.swift */; };
		BCB8FC2B1ED773E800098EC2 /* EncounterB.sks in Resources */ = {isa = PBXBuildFile; fileRef = BCB8FC2A1ED773E800098EC2 /* EncounterB.sks */; };
		BCB8FC2D1ED7746600098EC2 /* EncounterC.sks in Resources */ = {isa = PBXBuildFile; fileRef = BCB8FC2C1ED7746600098EC2 /* EncounterC.sks */; };
		BCB8FC2F1ED81FD100098EC2 /* HUD.swift in Sources */ = {isa = PBXBuildFile; fileRef = BCB8FC2E1ED81FD100098EC2 /* HUD.swift */; };
		BCB8FC311ED8231E00098EC2 /* Background.swift in Sources */ = {isa = PBXBuildFile; fileRef = BCB8FC301ED8231E00098EC2 /* Background.swift */; };
		BCB8FC331ED824AB00098EC2 /* PierrePath.sks in Resources */ = {isa = PBXBuildFile; fileRef = BCB8FC321ED824AB00098EC2 /* PierrePath.sks */; };
		BCB8FC351ED8269E00098EC2 /* MenuScene.swift in Sources */ = {isa = PBXBuildFile; fileRef = BCB8FC341ED8269E00098EC2 /* MenuScene.swift */; };
		BCB8FC371ED8293900098EC2 /* Sound in Resources */ = {isa = PBXBuildFile; fileRef = BCB8FC361ED8293900098EC2 /* Sound */; };
		BCB8FC391ED8301F00098EC2 /* Crate.swift in Sources */ = {isa = PBXBuildFile; fileRef = BCB8FC381ED8301F00098EC2 /* Crate.swift */; };
		BCB8FC3B1ED8306100098EC2 /* HeartExplosion.sks in Resources */ = {isa = PBXBuildFile; fileRef = BCB8FC3A1ED8306100098EC2 /* HeartExplosion.sks */; };
		BCB8FC3D1ED830E300098EC2 /* CrateExplosion.sks in Resources */ = {isa = PBXBuildFile; fileRef = BCB8FC3C1ED830E300098EC2 /* CrateExplosion.sks */; };
		BCB8FC401ED8318A00098EC2 /* ParticlePool.swift in Sources */ = {isa = PBXBuildFile; fileRef = BCB8FC3F1ED8318A00098EC2 /* ParticlePool.swift */; };
		BCB8FC441ED870BF00098EC2 /* Global.swift in Sources */ = {isa = PBXBuildFile; fileRef = BCB8FC431ED870BF00098EC2 /* Global.swift */; };
		BCC495111ED5CB2100A9C310 /* AppDelegate.swift in Sources */ = {isa = PBXBuildFile; fileRef = BCC495101ED5CB2100A9C310 /* AppDelegate.swift */; };
		BCC495131ED5CB2100A9C310 /* GameScene.sks in Resources */ = {isa = PBXBuildFile; fileRef = BCC495121ED5CB2100A9C310 /* GameScene.sks */; };
		BCC495151ED5CB2100A9C310 /* Actions.sks in Resources */ = {isa = PBXBuildFile; fileRef = BCC495141ED5CB2100A9C310 /* Actions.sks */; };
		BCC495171ED5CB2100A9C310 /* GameScene.swift in Sources */ = {isa = PBXBuildFile; fileRef = BCC495161ED5CB2100A9C310 /* GameScene.swift */; };
		BCC495191ED5CB2100A9C310 /* GameViewController.swift in Sources */ = {isa = PBXBuildFile; fileRef = BCC495181ED5CB2100A9C310 /* GameViewController.swift */; };
		BCC4951C1ED5CB2100A9C310 /* Main.storyboard in Resources */ = {isa = PBXBuildFile; fileRef = BCC4951A1ED5CB2100A9C310 /* Main.storyboard */; };
		BCC4951E1ED5CB2100A9C310 /* Assets.xcassets in Resources */ = {isa = PBXBuildFile; fileRef = BCC4951D1ED5CB2100A9C310 /* Assets.xcassets */; };
		BCC495211ED5CB2100A9C310 /* LaunchScreen.storyboard in Resources */ = {isa = PBXBuildFile; fileRef = BCC4951F1ED5CB2100A9C310 /* LaunchScreen.storyboard */; };
		BCC4952B1ED5D4EF00A9C310 /* GameSprite.swift in Sources */ = {isa = PBXBuildFile; fileRef = BCC4952A1ED5D4EF00A9C310 /* GameSprite.swift */; };
		BCD620011EDF27C700A95F0D /* EndScene.swift in Sources */ = {isa = PBXBuildFile; fileRef = BCD620001EDF27C700A95F0D /* EndScene.swift */; };
/* End PBXBuildFile section */

/* Begin PBXFileReference section */
		BC6ED5E91EDED92100A79FE9 /* EnemyCollision.sks */ = {isa = PBXFileReference; lastKnownFileType = file.sks; path = EnemyCollision.sks; sourceTree = "<group>"; };
		BC8D84961EE1665D00C34A5F /* StatsScene.swift */ = {isa = PBXFileReference; fileEncoding = 4; lastKnownFileType = sourcecode.swift; path = StatsScene.swift; sourceTree = "<group>"; };
		BCB8FC131ED5D73C00098EC2 /* Bee.swift */ = {isa = PBXFileReference; fileEncoding = 4; lastKnownFileType = sourcecode.swift; path = Bee.swift; sourceTree = "<group>"; };
		BCB8FC151ED5D7CA00098EC2 /* Ground.swift */ = {isa = PBXFileReference; fileEncoding = 4; lastKnownFileType = sourcecode.swift; path = Ground.swift; sourceTree = "<group>"; };
		BCB8FC171ED5D89B00098EC2 /* Player.swift */ = {isa = PBXFileReference; fileEncoding = 4; lastKnownFileType = sourcecode.swift; path = Player.swift; sourceTree = "<group>"; };
		BCB8FC191ED76EE100098EC2 /* Star.swift */ = {isa = PBXFileReference; fileEncoding = 4; lastKnownFileType = sourcecode.swift; path = Star.swift; sourceTree = "<group>"; };
		BCB8FC1B1ED76F1F00098EC2 /* MadFly.swift */ = {isa = PBXFileReference; fileEncoding = 4; lastKnownFileType = sourcecode.swift; path = MadFly.swift; sourceTree = "<group>"; };
		BCB8FC1D1ED76F3A00098EC2 /* Bat.swift */ = {isa = PBXFileReference; fileEncoding = 4; lastKnownFileType = sourcecode.swift; path = Bat.swift; sourceTree = "<group>"; };
		BCB8FC1F1ED76F6300098EC2 /* Blade.swift */ = {isa = PBXFileReference; fileEncoding = 4; lastKnownFileType = sourcecode.swift; path = Blade.swift; sourceTree = "<group>"; };
		BCB8FC211ED76F9100098EC2 /* Coin.swift */ = {isa = PBXFileReference; fileEncoding = 4; lastKnownFileType = sourcecode.swift; path = Coin.swift; sourceTree = "<group>"; };
		BCB8FC261ED771EC00098EC2 /* EncounterA.sks */ = {isa = PBXFileReference; lastKnownFileType = file.sks; path = EncounterA.sks; sourceTree = "<group>"; };
		BCB8FC281ED7734400098EC2 /* EncounterManager.swift */ = {isa = PBXFileReference; fileEncoding = 4; lastKnownFileType = sourcecode.swift; path = EncounterManager.swift; sourceTree = "<group>"; };
		BCB8FC2A1ED773E800098EC2 /* EncounterB.sks */ = {isa = PBXFileReference; lastKnownFileType = file.sks; path = EncounterB.sks; sourceTree = "<group>"; };
		BCB8FC2C1ED7746600098EC2 /* EncounterC.sks */ = {isa = PBXFileReference; lastKnownFileType = file.sks; path = EncounterC.sks; sourceTree = "<group>"; };
		BCB8FC2E1ED81FD100098EC2 /* HUD.swift */ = {isa = PBXFileReference; fileEncoding = 4; lastKnownFileType = sourcecode.swift; path = HUD.swift; sourceTree = "<group>"; };
		BCB8FC301ED8231E00098EC2 /* Background.swift */ = {isa = PBXFileReference; fileEncoding = 4; lastKnownFileType = sourcecode.swift; path = Background.swift; sourceTree = "<group>"; };
		BCB8FC321ED824AB00098EC2 /* PierrePath.sks */ = {isa = PBXFileReference; lastKnownFileType = file.sks; path = PierrePath.sks; sourceTree = "<group>"; };
		BCB8FC341ED8269E00098EC2 /* MenuScene.swift */ = {isa = PBXFileReference; fileEncoding = 4; lastKnownFileType = sourcecode.swift; path = MenuScene.swift; sourceTree = "<group>"; };
		BCB8FC361ED8293900098EC2 /* Sound */ = {isa = PBXFileReference; lastKnownFileType = folder; path = Sound; sourceTree = "<group>"; };
		BCB8FC381ED8301F00098EC2 /* Crate.swift */ = {isa = PBXFileReference; fileEncoding = 4; lastKnownFileType = sourcecode.swift; path = Crate.swift; sourceTree = "<group>"; };
		BCB8FC3A1ED8306100098EC2 /* HeartExplosion.sks */ = {isa = PBXFileReference; lastKnownFileType = file.sks; path = HeartExplosion.sks; sourceTree = "<group>"; };
		BCB8FC3C1ED830E300098EC2 /* CrateExplosion.sks */ = {isa = PBXFileReference; lastKnownFileType = file.sks; path = CrateExplosion.sks; sourceTree = "<group>"; };
		BCB8FC3F1ED8318A00098EC2 /* ParticlePool.swift */ = {isa = PBXFileReference; fileEncoding = 4; lastKnownFileType = sourcecode.swift; path = ParticlePool.swift; sourceTree = "<group>"; };
		BCB8FC431ED870BF00098EC2 /* Global.swift */ = {isa = PBXFileReference; fileEncoding = 4; lastKnownFileType = sourcecode.swift; path = Global.swift; sourceTree = "<group>"; };
		BCC4950D1ED5CB2100A9C310 /* Pierre Penguin Escapes The Antarctic.app */ = {isa = PBXFileReference; explicitFileType = wrapper.application; includeInIndex = 0; path = "Pierre Penguin Escapes The Antarctic.app"; sourceTree = BUILT_PRODUCTS_DIR; };
		BCC495101ED5CB2100A9C310 /* AppDelegate.swift */ = {isa = PBXFileReference; lastKnownFileType = sourcecode.swift; path = AppDelegate.swift; sourceTree = "<group>"; };
		BCC495121ED5CB2100A9C310 /* GameScene.sks */ = {isa = PBXFileReference; lastKnownFileType = file.sks; path = GameScene.sks; sourceTree = "<group>"; };
		BCC495141ED5CB2100A9C310 /* Actions.sks */ = {isa = PBXFileReference; lastKnownFileType = file.sks; path = Actions.sks; sourceTree = "<group>"; };
		BCC495161ED5CB2100A9C310 /* GameScene.swift */ = {isa = PBXFileReference; lastKnownFileType = sourcecode.swift; path = GameScene.swift; sourceTree = "<group>"; };
		BCC495181ED5CB2100A9C310 /* GameViewController.swift */ = {isa = PBXFileReference; lastKnownFileType = sourcecode.swift; path = GameViewController.swift; sourceTree = "<group>"; };
		BCC4951B1ED5CB2100A9C310 /* Base */ = {isa = PBXFileReference; lastKnownFileType = file.storyboard; name = Base; path = Base.lproj/Main.storyboard; sourceTree = "<group>"; };
		BCC4951D1ED5CB2100A9C310 /* Assets.xcassets */ = {isa = PBXFileReference; lastKnownFileType = folder.assetcatalog; path = Assets.xcassets; sourceTree = "<group>"; };
		BCC495201ED5CB2100A9C310 /* Base */ = {isa = PBXFileReference; lastKnownFileType = file.storyboard; name = Base; path = Base.lproj/LaunchScreen.storyboard; sourceTree = "<group>"; };
		BCC495221ED5CB2100A9C310 /* Info.plist */ = {isa = PBXFileReference; lastKnownFileType = text.plist.xml; path = Info.plist; sourceTree = "<group>"; };
		BCC4952A1ED5D4EF00A9C310 /* GameSprite.swift */ = {isa = PBXFileReference; fileEncoding = 4; lastKnownFileType = sourcecode.swift; path = GameSprite.swift; sourceTree = "<group>"; };
		BCD620001EDF27C700A95F0D /* EndScene.swift */ = {isa = PBXFileReference; fileEncoding = 4; lastKnownFileType = sourcecode.swift; path = EndScene.swift; sourceTree = "<group>"; };
/* End PBXFileReference section */

/* Begin PBXFrameworksBuildPhase section */
		BCC4950A1ED5CB2000A9C310 /* Frameworks */ = {
			isa = PBXFrameworksBuildPhase;
			buildActionMask = 2147483647;
			files = (
			);
			runOnlyForDeploymentPostprocessing = 0;
		};
/* End PBXFrameworksBuildPhase section */

/* Begin PBXGroup section */
		BC8D84981EE166A700C34A5F /* Scenes */ = {
			isa = PBXGroup;
			children = (
				BCD620001EDF27C700A95F0D /* EndScene.swift */,
				BCC495161ED5CB2100A9C310 /* GameScene.swift */,
				BCB8FC341ED8269E00098EC2 /* MenuScene.swift */,
				BC8D84961EE1665D00C34A5F /* StatsScene.swift */,
			);
			name = Scenes;
			sourceTree = "<group>";
		};
		BCB8FC231ED7719900098EC2 /* Encounters */ = {
			isa = PBXGroup;
			children = (
				BCB8FC261ED771EC00098EC2 /* EncounterA.sks */,
				BCB8FC2A1ED773E800098EC2 /* EncounterB.sks */,
				BCB8FC2C1ED7746600098EC2 /* EncounterC.sks */,
			);
			name = Encounters;
			sourceTree = "<group>";
		};
		BCB8FC3E1ED8315700098EC2 /* Particle Emitters */ = {
			isa = PBXGroup;
			children = (
				BCB8FC3C1ED830E300098EC2 /* CrateExplosion.sks */,
				BCB8FC3A1ED8306100098EC2 /* HeartExplosion.sks */,
				BCB8FC321ED824AB00098EC2 /* PierrePath.sks */,
				BC6ED5E91EDED92100A79FE9 /* EnemyCollision.sks */,
			);
			name = "Particle Emitters";
			sourceTree = "<group>";
		};
		BCC495041ED5CB2000A9C310 = {
			isa = PBXGroup;
			children = (
				BCC4950F1ED5CB2100A9C310 /* Pierre Penguin Escapes The Antarctic */,
				BCC4950E1ED5CB2100A9C310 /* Products */,
			);
			sourceTree = "<group>";
		};
		BCC4950E1ED5CB2100A9C310 /* Products */ = {
			isa = PBXGroup;
			children = (
				BCC4950D1ED5CB2100A9C310 /* Pierre Penguin Escapes The Antarctic.app */,
			);
			name = Products;
			sourceTree = "<group>";
		};
		BCC4950F1ED5CB2100A9C310 /* Pierre Penguin Escapes The Antarctic */ = {
			isa = PBXGroup;
			children = (
				BCB8FC361ED8293900098EC2 /* Sound */,
				BCC495221ED5CB2100A9C310 /* Info.plist */,
				BCC495141ED5CB2100A9C310 /* Actions.sks */,
				BCC495121ED5CB2100A9C310 /* GameScene.sks */,
				BCC495101ED5CB2100A9C310 /* AppDelegate.swift */,
				BCB8FC301ED8231E00098EC2 /* Background.swift */,
				BCB8FC1D1ED76F3A00098EC2 /* Bat.swift */,
				BCB8FC131ED5D73C00098EC2 /* Bee.swift */,
				BCB8FC1F1ED76F6300098EC2 /* Blade.swift */,
				BCB8FC211ED76F9100098EC2 /* Coin.swift */,
				BCB8FC381ED8301F00098EC2 /* Crate.swift */,
				BCB8FC281ED7734400098EC2 /* EncounterManager.swift */,
				BCC4952A1ED5D4EF00A9C310 /* GameSprite.swift */,
				BCC495181ED5CB2100A9C310 /* GameViewController.swift */,
				BCB8FC431ED870BF00098EC2 /* Global.swift */,
				BCB8FC151ED5D7CA00098EC2 /* Ground.swift */,
				BCB8FC2E1ED81FD100098EC2 /* HUD.swift */,
				BCB8FC1B1ED76F1F00098EC2 /* MadFly.swift */,
				BCB8FC3F1ED8318A00098EC2 /* ParticlePool.swift */,
				BCB8FC171ED5D89B00098EC2 /* Player.swift */,
				BCB8FC191ED76EE100098EC2 /* Star.swift */,
				BCC4951D1ED5CB2100A9C310 /* Assets.xcassets */,
				BCB8FC231ED7719900098EC2 /* Encounters */,
				BCC4951F1ED5CB2100A9C310 /* LaunchScreen.storyboard */,
				BCC4951A1ED5CB2100A9C310 /* Main.storyboard */,
				BCB8FC3E1ED8315700098EC2 /* Particle Emitters */,
				BC8D84981EE166A700C34A5F /* Scenes */,
			);
			path = "Pierre Penguin Escapes The Antarctic";
			sourceTree = "<group>";
		};
/* End PBXGroup section */

/* Begin PBXNativeTarget section */
		BCC4950C1ED5CB2000A9C310 /* Pierre Penguin Escapes The Antarctic */ = {
			isa = PBXNativeTarget;
			buildConfigurationList = BCC495251ED5CB2100A9C310 /* Build configuration list for PBXNativeTarget "Pierre Penguin Escapes The Antarctic" */;
			buildPhases = (
				BCC495091ED5CB2000A9C310 /* Sources */,
				BCC4950A1ED5CB2000A9C310 /* Frameworks */,
				BCC4950B1ED5CB2000A9C310 /* Resources */,
			);
			buildRules = (
			);
			dependencies = (
			);
			name = "Pierre Penguin Escapes The Antarctic";
			productName = "Pierre Penguin Escapes The Antarctic";
			productReference = BCC4950D1ED5CB2100A9C310 /* Pierre Penguin Escapes The Antarctic.app */;
			productType = "com.apple.product-type.application";
		};
/* End PBXNativeTarget section */

/* Begin PBXProject section */
		BCC495051ED5CB2000A9C310 /* Project object */ = {
			isa = PBXProject;
			attributes = {
				LastSwiftUpdateCheck = 0830;
				LastUpgradeCheck = 0830;
				ORGANIZATIONNAME = "Sebastien Thibert";
				TargetAttributes = {
					BCC4950C1ED5CB2000A9C310 = {
						CreatedOnToolsVersion = 8.3.2;
						DevelopmentTeam = E68QAAURD5;
						ProvisioningStyle = Automatic;
					};
				};
			};
			buildConfigurationList = BCC495081ED5CB2000A9C310 /* Build configuration list for PBXProject "Pierre Penguin Escapes The Antarctic" */;
			compatibilityVersion = "Xcode 3.2";
			developmentRegion = English;
			hasScannedForEncodings = 0;
			knownRegions = (
				en,
				Base,
			);
			mainGroup = BCC495041ED5CB2000A9C310;
			productRefGroup = BCC4950E1ED5CB2100A9C310 /* Products */;
			projectDirPath = "";
			projectRoot = "";
			targets = (
				BCC4950C1ED5CB2000A9C310 /* Pierre Penguin Escapes The Antarctic */,
			);
		};
/* End PBXProject section */

/* Begin PBXResourcesBuildPhase section */
		BCC4950B1ED5CB2000A9C310 /* Resources */ = {
			isa = PBXResourcesBuildPhase;
			buildActionMask = 2147483647;
			files = (
				BCB8FC2B1ED773E800098EC2 /* EncounterB.sks in Resources */,
				BCB8FC3D1ED830E300098EC2 /* CrateExplosion.sks in Resources */,
				BCC4951C1ED5CB2100A9C310 /* Main.storyboard in Resources */,
				BCB8FC371ED8293900098EC2 /* Sound in Resources */,
				BCB8FC3B1ED8306100098EC2 /* HeartExplosion.sks in Resources */,
				BCC495131ED5CB2100A9C310 /* GameScene.sks in Resources */,
				BCB8FC2D1ED7746600098EC2 /* EncounterC.sks in Resources */,
				BCC4951E1ED5CB2100A9C310 /* Assets.xcassets in Resources */,
				BCB8FC271ED771EC00098EC2 /* EncounterA.sks in Resources */,
				BCB8FC331ED824AB00098EC2 /* PierrePath.sks in Resources */,
				BC6ED5EA1EDED92100A79FE9 /* EnemyCollision.sks in Resources */,
				BCC495211ED5CB2100A9C310 /* LaunchScreen.storyboard in Resources */,
				BCC495151ED5CB2100A9C310 /* Actions.sks in Resources */,
			);
			runOnlyForDeploymentPostprocessing = 0;
		};
/* End PBXResourcesBuildPhase section */

/* Begin PBXSourcesBuildPhase section */
		BCC495091ED5CB2000A9C310 /* Sources */ = {
			isa = PBXSourcesBuildPhase;
			buildActionMask = 2147483647;
			files = (
				BCB8FC161ED5D7CA00098EC2 /* Ground.swift in Sources */,
				BCB8FC141ED5D73C00098EC2 /* Bee.swift in Sources */,
				BCC4952B1ED5D4EF00A9C310 /* GameSprite.swift in Sources */,
				BCC495171ED5CB2100A9C310 /* GameScene.swift in Sources */,
				BCB8FC441ED870BF00098EC2 /* Global.swift in Sources */,
				BCB8FC181ED5D89B00098EC2 /* Player.swift in Sources */,
				BCB8FC1E1ED76F3A00098EC2 /* Bat.swift in Sources */,
				BCB8FC221ED76F9100098EC2 /* Coin.swift in Sources */,
				BC8D84971EE1665D00C34A5F /* StatsScene.swift in Sources */,
				BCC495191ED5CB2100A9C310 /* GameViewController.swift in Sources */,
				BCC495111ED5CB2100A9C310 /* AppDelegate.swift in Sources */,
				BCB8FC201ED76F6300098EC2 /* Blade.swift in Sources */,
				BCB8FC1C1ED76F1F00098EC2 /* MadFly.swift in Sources */,
				BCB8FC2F1ED81FD100098EC2 /* HUD.swift in Sources */,
				BCB8FC291ED7734400098EC2 /* EncounterManager.swift in Sources */,
				BCD620011EDF27C700A95F0D /* EndScene.swift in Sources */,
				BCB8FC351ED8269E00098EC2 /* MenuScene.swift in Sources */,
				BCB8FC391ED8301F00098EC2 /* Crate.swift in Sources */,
				BCB8FC1A1ED76EE100098EC2 /* Star.swift in Sources */,
				BCB8FC311ED8231E00098EC2 /* Background.swift in Sources */,
				BCB8FC401ED8318A00098EC2 /* ParticlePool.swift in Sources */,
			);
			runOnlyForDeploymentPostprocessing = 0;
		};
/* End PBXSourcesBuildPhase section */

/* Begin PBXVariantGroup section */
		BCC4951A1ED5CB2100A9C310 /* Main.storyboard */ = {
			isa = PBXVariantGroup;
			children = (
				BCC4951B1ED5CB2100A9C310 /* Base */,
			);
			name = Main.storyboard;
			sourceTree = "<group>";
		};
		BCC4951F1ED5CB2100A9C310 /* LaunchScreen.storyboard */ = {
			isa = PBXVariantGroup;
			children = (
				BCC495201ED5CB2100A9C310 /* Base */,
			);
			name = LaunchScreen.storyboard;
			sourceTree = "<group>";
		};
/* End PBXVariantGroup section */

/* Begin XCBuildConfiguration section */
		BCC495231ED5CB2100A9C310 /* Debug */ = {
			isa = XCBuildConfiguration;
			buildSettings = {
				ALWAYS_SEARCH_USER_PATHS = NO;
				CLANG_ANALYZER_NONNULL = YES;
				CLANG_ANALYZER_NUMBER_OBJECT_CONVERSION = YES_AGGRESSIVE;
				CLANG_CXX_LANGUAGE_STANDARD = "gnu++0x";
				CLANG_CXX_LIBRARY = "libc++";
				CLANG_ENABLE_MODULES = YES;
				CLANG_ENABLE_OBJC_ARC = YES;
				CLANG_WARN_BOOL_CONVERSION = YES;
				CLANG_WARN_CONSTANT_CONVERSION = YES;
				CLANG_WARN_DIRECT_OBJC_ISA_USAGE = YES_ERROR;
				CLANG_WARN_DOCUMENTATION_COMMENTS = YES;
				CLANG_WARN_EMPTY_BODY = YES;
				CLANG_WARN_ENUM_CONVERSION = YES;
				CLANG_WARN_INFINITE_RECURSION = YES;
				CLANG_WARN_INT_CONVERSION = YES;
				CLANG_WARN_OBJC_ROOT_CLASS = YES_ERROR;
				CLANG_WARN_SUSPICIOUS_MOVE = YES;
				CLANG_WARN_UNREACHABLE_CODE = YES;
				CLANG_WARN__DUPLICATE_METHOD_MATCH = YES;
				"CODE_SIGN_IDENTITY[sdk=iphoneos*]" = "iPhone Developer";
				COPY_PHASE_STRIP = NO;
				DEBUG_INFORMATION_FORMAT = dwarf;
				ENABLE_STRICT_OBJC_MSGSEND = YES;
				ENABLE_TESTABILITY = YES;
				GCC_C_LANGUAGE_STANDARD = gnu99;
				GCC_DYNAMIC_NO_PIC = NO;
				GCC_NO_COMMON_BLOCKS = YES;
				GCC_OPTIMIZATION_LEVEL = 0;
				GCC_PREPROCESSOR_DEFINITIONS = (
					"DEBUG=1",
					"$(inherited)",
				);
				GCC_WARN_64_TO_32_BIT_CONVERSION = YES;
				GCC_WARN_ABOUT_RETURN_TYPE = YES_ERROR;
				GCC_WARN_UNDECLARED_SELECTOR = YES;
				GCC_WARN_UNINITIALIZED_AUTOS = YES_AGGRESSIVE;
				GCC_WARN_UNUSED_FUNCTION = YES;
				GCC_WARN_UNUSED_VARIABLE = YES;
				IPHONEOS_DEPLOYMENT_TARGET = 10.3;
				MTL_ENABLE_DEBUG_INFO = YES;
				ONLY_ACTIVE_ARCH = YES;
				SDKROOT = iphoneos;
				SWIFT_ACTIVE_COMPILATION_CONDITIONS = DEBUG;
				SWIFT_OPTIMIZATION_LEVEL = "-Onone";
				TARGETED_DEVICE_FAMILY = "1,2";
			};
			name = Debug;
		};
		BCC495241ED5CB2100A9C310 /* Release */ = {
			isa = XCBuildConfiguration;
			buildSettings = {
				ALWAYS_SEARCH_USER_PATHS = NO;
				CLANG_ANALYZER_NONNULL = YES;
				CLANG_ANALYZER_NUMBER_OBJECT_CONVERSION = YES_AGGRESSIVE;
				CLANG_CXX_LANGUAGE_STANDARD = "gnu++0x";
				CLANG_CXX_LIBRARY = "libc++";
				CLANG_ENABLE_MODULES = YES;
				CLANG_ENABLE_OBJC_ARC = YES;
				CLANG_WARN_BOOL_CONVERSION = YES;
				CLANG_WARN_CONSTANT_CONVERSION = YES;
				CLANG_WARN_DIRECT_OBJC_ISA_USAGE = YES_ERROR;
				CLANG_WARN_DOCUMENTATION_COMMENTS = YES;
				CLANG_WARN_EMPTY_BODY = YES;
				CLANG_WARN_ENUM_CONVERSION = YES;
				CLANG_WARN_INFINITE_RECURSION = YES;
				CLANG_WARN_INT_CONVERSION = YES;
				CLANG_WARN_OBJC_ROOT_CLASS = YES_ERROR;
				CLANG_WARN_SUSPICIOUS_MOVE = YES;
				CLANG_WARN_UNREACHABLE_CODE = YES;
				CLANG_WARN__DUPLICATE_METHOD_MATCH = YES;
				"CODE_SIGN_IDENTITY[sdk=iphoneos*]" = "iPhone Developer";
				COPY_PHASE_STRIP = NO;
				DEBUG_INFORMATION_FORMAT = "dwarf-with-dsym";
				ENABLE_NS_ASSERTIONS = NO;
				ENABLE_STRICT_OBJC_MSGSEND = YES;
				GCC_C_LANGUAGE_STANDARD = gnu99;
				GCC_NO_COMMON_BLOCKS = YES;
				GCC_WARN_64_TO_32_BIT_CONVERSION = YES;
				GCC_WARN_ABOUT_RETURN_TYPE = YES_ERROR;
				GCC_WARN_UNDECLARED_SELECTOR = YES;
				GCC_WARN_UNINITIALIZED_AUTOS = YES_AGGRESSIVE;
				GCC_WARN_UNUSED_FUNCTION = YES;
				GCC_WARN_UNUSED_VARIABLE = YES;
				IPHONEOS_DEPLOYMENT_TARGET = 10.3;
				MTL_ENABLE_DEBUG_INFO = NO;
				SDKROOT = iphoneos;
				SWIFT_OPTIMIZATION_LEVEL = "-Owholemodule";
				TARGETED_DEVICE_FAMILY = "1,2";
				VALIDATE_PRODUCT = YES;
			};
			name = Release;
		};
		BCC495261ED5CB2100A9C310 /* Debug */ = {
			isa = XCBuildConfiguration;
			buildSettings = {
				ASSETCATALOG_COMPILER_APPICON_NAME = AppIcon;
				DEVELOPMENT_TEAM = E68QAAURD5;
				INFOPLIST_FILE = "Pierre Penguin Escapes The Antarctic/Info.plist";
				LD_RUNPATH_SEARCH_PATHS = "$(inherited) @executable_path/Frameworks";
				PRODUCT_BUNDLE_IDENTIFIER = "M-S.Pierre-Penguin-Escapes-The-Antarctic";
				PRODUCT_NAME = "$(TARGET_NAME)";
				SWIFT_VERSION = 3.0;
			};
			name = Debug;
		};
		BCC495271ED5CB2100A9C310 /* Release */ = {
			isa = XCBuildConfiguration;
			buildSettings = {
				ASSETCATALOG_COMPILER_APPICON_NAME = AppIcon;
				DEVELOPMENT_TEAM = E68QAAURD5;
				INFOPLIST_FILE = "Pierre Penguin Escapes The Antarctic/Info.plist";
				LD_RUNPATH_SEARCH_PATHS = "$(inherited) @executable_path/Frameworks";
				PRODUCT_BUNDLE_IDENTIFIER = "M-S.Pierre-Penguin-Escapes-The-Antarctic";
				PRODUCT_NAME = "$(TARGET_NAME)";
				SWIFT_VERSION = 3.0;
			};
			name = Release;
		};
/* End XCBuildConfiguration section */

/* Begin XCConfigurationList section */
		BCC495081ED5CB2000A9C310 /* Build configuration list for PBXProject "Pierre Penguin Escapes The Antarctic" */ = {
			isa = XCConfigurationList;
			buildConfigurations = (
				BCC495231ED5CB2100A9C310 /* Debug */,
				BCC495241ED5CB2100A9C310 /* Release */,
			);
			defaultConfigurationIsVisible = 0;
			defaultConfigurationName = Release;
		};
		BCC495251ED5CB2100A9C310 /* Build configuration list for PBXNativeTarget "Pierre Penguin Escapes The Antarctic" */ = {
			isa = XCConfigurationList;
			buildConfigurations = (
				BCC495261ED5CB2100A9C310 /* Debug */,
				BCC495271ED5CB2100A9C310 /* Release */,
			);
			defaultConfigurationIsVisible = 0;
			defaultConfigurationName = Release;
		};
/* End XCConfigurationList section */
	};
	rootObject = BCC495051ED5CB2000A9C310 /* Project object */;
}
